
Microsoft Visual Studio Solution File, Format Version 12.00
# Visual Studio Version 17
VisualStudioVersion = 17.0.31919.166
MinimumVisualStudioVersion = 10.0.40219.1
Project("{FAE04EC0-301F-11D3-BF4B-00C04F79EFBC}") = "factoriel", "factoriel\factoriel.csproj", "{D58399DB-A008-4245-ACDC-17A5F3E052F1}"
EndProject
Global
	GlobalSection(SolutionConfigurationPlatforms) = preSolution
		Debug|Any CPU = Debug|Any CPU
		Release|Any CPU = Release|Any CPU
	EndGlobalSection
	GlobalSection(ProjectConfigurationPlatforms) = postSolution
		{D58399DB-A008-4245-ACDC-17A5F3E052F1}.Debug|Any CPU.ActiveCfg = Debug|Any CPU
		{D58399DB-A008-4245-ACDC-17A5F3E052F1}.Debug|Any CPU.Build.0 = Debug|Any CPU
		{D58399DB-A008-4245-ACDC-17A5F3E052F1}.Release|Any CPU.ActiveCfg = Release|Any CPU
		{D58399DB-A008-4245-ACDC-17A5F3E052F1}.Release|Any CPU.Build.0 = Release|Any CPU
	EndGlobalSection
	GlobalSection(SolutionProperties) = preSolution
		HideSolutionNode = FALSE
	EndGlobalSection
	GlobalSection(ExtensibilityGlobals) = postSolution
		SolutionGuid = {6EF5C9AC-B295-4876-9FBF-B36B3FC8FB05}
	EndGlobalSection
EndGlobal
